
Microsoft Visual Studio Solution File, Format Version 12.00
# Visual Studio Version 17
VisualStudioVersion = 17.8.34316.72
MinimumVisualStudioVersion = 10.0.40219.1
Project("{FAE04EC0-301F-11D3-BF4B-00C04F79EFBC}") = "HillelHomeWorks", "HillelHomeWorks\HillelHomeWorks.csproj", "{DD92F203-9B8A-4200-A933-864D0AB8D6DA}"
EndProject
Global
	GlobalSection(SolutionConfigurationPlatforms) = preSolution
		Debug|Any CPU = Debug|Any CPU
		Release|Any CPU = Release|Any CPU
	EndGlobalSection
	GlobalSection(ProjectConfigurationPlatforms) = postSolution
		{DD92F203-9B8A-4200-A933-864D0AB8D6DA}.Debug|Any CPU.ActiveCfg = Debug|Any CPU
		{DD92F203-9B8A-4200-A933-864D0AB8D6DA}.Debug|Any CPU.Build.0 = Debug|Any CPU
		{DD92F203-9B8A-4200-A933-864D0AB8D6DA}.Release|Any CPU.ActiveCfg = Release|Any CPU
		{DD92F203-9B8A-4200-A933-864D0AB8D6DA}.Release|Any CPU.Build.0 = Release|Any CPU
	EndGlobalSection
	GlobalSection(SolutionProperties) = preSolution
		HideSolutionNode = FALSE
	EndGlobalSection
	GlobalSection(ExtensibilityGlobals) = postSolution
		SolutionGuid = {68770DFA-7544-4067-9741-A4A95D646220}
	EndGlobalSection
EndGlobal
